
Microsoft Visual Studio Solution File, Format Version 12.00
# Visual Studio 15
Project("{FAE04EC0-301F-11D3-BF4B-00C04F79EFBC}") = "Assembly-CSharp", "Assembly-CSharp.csproj", "{001D61BF-F79C-6967-0F02-8F584207FCCB}"
EndProject
Project("{FAE04EC0-301F-11D3-BF4B-00C04F79EFBC}") = "Assembly-CSharp-Editor", "Assembly-CSharp-Editor.csproj", "{5D958D9B-6EA9-3D2B-8254-D20A31F53129}"
EndProject
Global
	GlobalSection(SolutionConfigurationPlatforms) = preSolution
		Debug|Any CPU = Debug|Any CPU
		Release|Any CPU = Release|Any CPU
	EndGlobalSection
	GlobalSection(ProjectConfigurationPlatforms) = postSolution
		{001D61BF-F79C-6967-0F02-8F584207FCCB}.Debug|Any CPU.ActiveCfg = Debug|Any CPU
		{001D61BF-F79C-6967-0F02-8F584207FCCB}.Debug|Any CPU.Build.0 = Debug|Any CPU
		{001D61BF-F79C-6967-0F02-8F584207FCCB}.Release|Any CPU.ActiveCfg = Release|Any CPU
		{001D61BF-F79C-6967-0F02-8F584207FCCB}.Release|Any CPU.Build.0 = Release|Any CPU
		{5D958D9B-6EA9-3D2B-8254-D20A31F53129}.Debug|Any CPU.ActiveCfg = Debug|Any CPU
		{5D958D9B-6EA9-3D2B-8254-D20A31F53129}.Debug|Any CPU.Build.0 = Debug|Any CPU
		{5D958D9B-6EA9-3D2B-8254-D20A31F53129}.Release|Any CPU.ActiveCfg = Release|Any CPU
		{5D958D9B-6EA9-3D2B-8254-D20A31F53129}.Release|Any CPU.Build.0 = Release|Any CPU
	EndGlobalSection
	GlobalSection(SolutionProperties) = preSolution
		HideSolutionNode = FALSE
	EndGlobalSection
EndGlobal
